
Microsoft Visual Studio Solution File, Format Version 12.00
# Visual Studio Version 16
VisualStudioVersion = 16.0.31112.23
MinimumVisualStudioVersion = 10.0.40219.1
Project("{FAE04EC0-301F-11D3-BF4B-00C04F79EFBC}") = "App1.UWP", "App1.UWP\App1.UWP.csproj", "{253870C2-FC2A-4BF4-AF3A-917F17CC4326}"
EndProject
Project("{FAE04EC0-301F-11D3-BF4B-00C04F79EFBC}") = "App1.Android", "App1.Android\App1.Android.csproj", "{F96EB055-B446-4872-8954-85479CE468D4}"
EndProject
Project("{FAE04EC0-301F-11D3-BF4B-00C04F79EFBC}") = "App1.iOS", "App1.iOS\App1.iOS.csproj", "{EE815F18-B643-4762-A8F5-F4024BEB4737}"
EndProject
Project("{FAE04EC0-301F-11D3-BF4B-00C04F79EFBC}") = "App1", "App1\App1.csproj", "{A140660C-8185-457E-961F-46BEA3E13A0C}"
EndProject
Global
	GlobalSection(SolutionConfigurationPlatforms) = preSolution
		Debug|Any CPU = Debug|Any CPU
		Debug|ARM = Debug|ARM
		Debug|iPhone = Debug|iPhone
		Debug|iPhoneSimulator = Debug|iPhoneSimulator
		Debug|x64 = Debug|x64
		Debug|x86 = Debug|x86
		Release|Any CPU = Release|Any CPU
		Release|ARM = Release|ARM
		Release|iPhone = Release|iPhone
		Release|iPhoneSimulator = Release|iPhoneSimulator
		Release|x64 = Release|x64
		Release|x86 = Release|x86
	EndGlobalSection
	GlobalSection(ProjectConfigurationPlatforms) = postSolution
		{253870C2-FC2A-4BF4-AF3A-917F17CC4326}.Debug|Any CPU.ActiveCfg = Debug|x86
		{253870C2-FC2A-4BF4-AF3A-917F17CC4326}.Debug|Any CPU.Build.0 = Debug|x86
		{253870C2-FC2A-4BF4-AF3A-917F17CC4326}.Debug|Any CPU.Deploy.0 = Debug|x86
		{253870C2-FC2A-4BF4-AF3A-917F17CC4326}.Debug|ARM.ActiveCfg = Debug|ARM
		{253870C2-FC2A-4BF4-AF3A-917F17CC4326}.Debug|ARM.Build.0 = Debug|ARM
		{253870C2-FC2A-4BF4-AF3A-917F17CC4326}.Debug|ARM.Deploy.0 = Debug|ARM
		{253870C2-FC2A-4BF4-AF3A-917F17CC4326}.Debug|iPhone.ActiveCfg = Debug|x86
		{253870C2-FC2A-4BF4-AF3A-917F17CC4326}.Debug|iPhone.Build.0 = Debug|x86
		{253870C2-FC2A-4BF4-AF3A-917F17CC4326}.Debug|iPhone.Deploy.0 = Debug|x86
		{253870C2-FC2A-4BF4-AF3A-917F17CC4326}.Debug|iPhoneSimulator.ActiveCfg = Debug|x86
		{253870C2-FC2A-4BF4-AF3A-917F17CC4326}.Debug|iPhoneSimulator.Build.0 = Debug|x86
		{253870C2-FC2A-4BF4-AF3A-917F17CC4326}.Debug|iPhoneSimulator.Deploy.0 = Debug|x86
		{253870C2-FC2A-4BF4-AF3A-917F17CC4326}.Debug|x64.ActiveCfg = Debug|x64
		{253870C2-FC2A-4BF4-AF3A-917F17CC4326}.Debug|x64.Build.0 = Debug|x64
		{253870C2-FC2A-4BF4-AF3A-917F17CC4326}.Debug|x64.Deploy.0 = Debug|x64
		{253870C2-FC2A-4BF4-AF3A-917F17CC4326}.Debug|x86.ActiveCfg = Debug|x86
		{253870C2-FC2A-4BF4-AF3A-917F17CC4326}.Debug|x86.Build.0 = Debug|x86
		{253870C2-FC2A-4BF4-AF3A-917F17CC4326}.Debug|x86.Deploy.0 = Debug|x86
		{253870C2-FC2A-4BF4-AF3A-917F17CC4326}.Release|Any CPU.ActiveCfg = Release|x86
		{253870C2-FC2A-4BF4-AF3A-917F17CC4326}.Release|Any CPU.Build.0 = Release|x86
		{253870C2-FC2A-4BF4-AF3A-917F17CC4326}.Release|Any CPU.Deploy.0 = Release|x86
		{253870C2-FC2A-4BF4-AF3A-917F17CC4326}.Release|ARM.ActiveCfg = Release|ARM
		{253870C2-FC2A-4BF4-AF3A-917F17CC4326}.Release|ARM.Build.0 = Release|ARM
		{253870C2-FC2A-4BF4-AF3A-917F17CC4326}.Release|ARM.Deploy.0 = Release|ARM
		{253870C2-FC2A-4BF4-AF3A-917F17CC4326}.Release|iPhone.ActiveCfg = Release|x86
		{253870C2-FC2A-4BF4-AF3A-917F17CC4326}.Release|iPhone.Build.0 = Release|x86
		{253870C2-FC2A-4BF4-AF3A-917F17CC4326}.Release|iPhone.Deploy.0 = Release|x86
		{253870C2-FC2A-4BF4-AF3A-917F17CC4326}.Release|iPhoneSimulator.ActiveCfg = Release|x86
		{253870C2-FC2A-4BF4-AF3A-917F17CC4326}.Release|iPhoneSimulator.Build.0 = Release|x86
		{253870C2-FC2A-4BF4-AF3A-917F17CC4326}.Release|iPhoneSimulator.Deploy.0 = Release|x86
		{253870C2-FC2A-4BF4-AF3A-917F17CC4326}.Release|x64.ActiveCfg = Release|x64
		{253870C2-FC2A-4BF4-AF3A-917F17CC4326}.Release|x64.Build.0 = Release|x64
		{253870C2-FC2A-4BF4-AF3A-917F17CC4326}.Release|x64.Deploy.0 = Release|x64
		{253870C2-FC2A-4BF4-AF3A-917F17CC4326}.Release|x86.ActiveCfg = Release|x86
		{253870C2-FC2A-4BF4-AF3A-917F17CC4326}.Release|x86.Build.0 = Release|x86
		{253870C2-FC2A-4BF4-AF3A-917F17CC4326}.Release|x86.Deploy.0 = Release|x86
		{F96EB055-B446-4872-8954-85479CE468D4}.Debug|Any CPU.ActiveCfg = Debug|Any CPU
		{F96EB055-B446-4872-8954-85479CE468D4}.Debug|Any CPU.Build.0 = Debug|Any CPU
		{F96EB055-B446-4872-8954-85479CE468D4}.Debug|Any CPU.Deploy.0 = Debug|Any CPU
		{F96EB055-B446-4872-8954-85479CE468D4}.Debug|ARM.ActiveCfg = Debug|Any CPU
		{F96EB055-B446-4872-8954-85479CE468D4}.Debug|ARM.Build.0 = Debug|Any CPU
		{F96EB055-B446-4872-8954-85479CE468D4}.Debug|ARM.Deploy.0 = Debug|Any CPU
		{F96EB055-B446-4872-8954-85479CE468D4}.Debug|iPhone.ActiveCfg = Debug|Any CPU
		{F96EB055-B446-4872-8954-85479CE468D4}.Debug|iPhone.Build.0 = Debug|Any CPU
		{F96EB055-B446-4872-8954-85479CE468D4}.Debug|iPhone.Deploy.0 = Debug|Any CPU
		{F96EB055-B446-4872-8954-85479CE468D4}.Debug|iPhoneSimulator.ActiveCfg = Debug|Any CPU
		{F96EB055-B446-4872-8954-85479CE468D4}.Debug|iPhoneSimulator.Build.0 = Debug|Any CPU
		{F96EB055-B446-4872-8954-85479CE468D4}.Debug|iPhoneSimulator.Deploy.0 = Debug|Any CPU
		{F96EB055-B446-4872-8954-85479CE468D4}.Debug|x64.ActiveCfg = Debug|Any CPU
		{F96EB055-B446-4872-8954-85479CE468D4}.Debug|x64.Build.0 = Debug|Any CPU
		{F96EB055-B446-4872-8954-85479CE468D4}.Debug|x64.Deploy.0 = Debug|Any CPU
		{F96EB055-B446-4872-8954-85479CE468D4}.Debug|x86.ActiveCfg = Debug|Any CPU
		{F96EB055-B446-4872-8954-85479CE468D4}.Debug|x86.Build.0 = Debug|Any CPU
		{F96EB055-B446-4872-8954-85479CE468D4}.Debug|x86.Deploy.0 = Debug|Any CPU
		{F96EB055-B446-4872-8954-85479CE468D4}.Release|Any CPU.ActiveCfg = Release|Any CPU
		{F96EB055-B446-4872-8954-85479CE468D4}.Release|Any CPU.Build.0 = Release|Any CPU
		{F96EB055-B446-4872-8954-85479CE468D4}.Release|Any CPU.Deploy.0 = Release|Any CPU
		{F96EB055-B446-4872-8954-85479CE468D4}.Release|ARM.ActiveCfg = Release|Any CPU
		{F96EB055-B446-4872-8954-85479CE468D4}.Release|ARM.Build.0 = Release|Any CPU
		{F96EB055-B446-4872-8954-85479CE468D4}.Release|ARM.Deploy.0 = Release|Any CPU
		{F96EB055-B446-4872-8954-85479CE468D4}.Release|iPhone.ActiveCfg = Release|Any CPU
		{F96EB055-B446-4872-8954-85479CE468D4}.Release|iPhone.Build.0 = Release|Any CPU
		{F96EB055-B446-4872-8954-85479CE468D4}.Release|iPhone.Deploy.0 = Release|Any CPU
		{F96EB055-B446-4872-8954-85479CE468D4}.Release|iPhoneSimulator.ActiveCfg = Release|Any CPU
		{F96EB055-B446-4872-8954-85479CE468D4}.Release|iPhoneSimulator.Build.0 = Release|Any CPU
		{F96EB055-B446-4872-8954-85479CE468D4}.Release|iPhoneSimulator.Deploy.0 = Release|Any CPU
		{F96EB055-B446-4872-8954-85479CE468D4}.Release|x64.ActiveCfg = Release|Any CPU
		{F96EB055-B446-4872-8954-85479CE468D4}.Release|x64.Build.0 = Release|Any CPU
		{F96EB055-B446-4872-8954-85479CE468D4}.Release|x64.Deploy.0 = Release|Any CPU
		{F96EB055-B446-4872-8954-85479CE468D4}.Release|x86.ActiveCfg = Release|Any CPU
		{F96EB055-B446-4872-8954-85479CE468D4}.Release|x86.Build.0 = Release|Any CPU
		{F96EB055-B446-4872-8954-85479CE468D4}.Release|x86.Deploy.0 = Release|Any CPU
		{EE815F18-B643-4762-A8F5-F4024BEB4737}.Debug|Any CPU.ActiveCfg = Debug|iPhoneSimulator
		{EE815F18-B643-4762-A8F5-F4024BEB4737}.Debug|Any CPU.Build.0 = Debug|iPhoneSimulator
		{EE815F18-B643-4762-A8F5-F4024BEB4737}.Debug|Any CPU.Deploy.0 = Debug|iPhoneSimulator
		{EE815F18-B643-4762-A8F5-F4024BEB4737}.Debug|ARM.ActiveCfg = Debug|iPhone
		{EE815F18-B643-4762-A8F5-F4024BEB4737}.Debug|ARM.Build.0 = Debug|iPhone
		{EE815F18-B643-4762-A8F5-F4024BEB4737}.Debug|ARM.Deploy.0 = Debug|iPhone
		{EE815F18-B643-4762-A8F5-F4024BEB4737}.Debug|iPhone.ActiveCfg = Debug|iPhone
		{EE815F18-B643-4762-A8F5-F4024BEB4737}.Debug|iPhone.Build.0 = Debug|iPhone
		{EE815F18-B643-4762-A8F5-F4024BEB4737}.Debug|iPhone.Deploy.0 = Debug|iPhone
		{EE815F18-B643-4762-A8F5-F4024BEB4737}.Debug|iPhoneSimulator.ActiveCfg = Debug|iPhoneSimulator
		{EE815F18-B643-4762-A8F5-F4024BEB4737}.Debug|iPhoneSimulator.Build.0 = Debug|iPhoneSimulator
		{EE815F18-B643-4762-A8F5-F4024BEB4737}.Debug|iPhoneSimulator.Deploy.0 = Debug|iPhoneSimulator
		{EE815F18-B643-4762-A8F5-F4024BEB4737}.Debug|x64.ActiveCfg = Debug|iPhoneSimulator
		{EE815F18-B643-4762-A8F5-F4024BEB4737}.Debug|x64.Build.0 = Debug|iPhoneSimulator
		{EE815F18-B643-4762-A8F5-F4024BEB4737}.Debug|x64.Deploy.0 = Debug|iPhoneSimulator
		{EE815F18-B643-4762-A8F5-F4024BEB4737}.Debug|x86.ActiveCfg = Debug|iPhoneSimulator
		{EE815F18-B643-4762-A8F5-F4024BEB4737}.Debug|x86.Build.0 = Debug|iPhoneSimulator
		{EE815F18-B643-4762-A8F5-F4024BEB4737}.Debug|x86.Deploy.0 = Debug|iPhoneSimulator
		{EE815F18-B643-4762-A8F5-F4024BEB4737}.Release|Any CPU.ActiveCfg = Release|iPhoneSimulator
		{EE815F18-B643-4762-A8F5-F4024BEB4737}.Release|Any CPU.Build.0 = Release|iPhoneSimulator
		{EE815F18-B643-4762-A8F5-F4024BEB4737}.Release|Any CPU.Deploy.0 = Release|iPhoneSimulator
		{EE815F18-B643-4762-A8F5-F4024BEB4737}.Release|ARM.ActiveCfg = Release|iPhoneSimulator
		{EE815F18-B643-4762-A8F5-F4024BEB4737}.Release|ARM.Build.0 = Release|iPhoneSimulator
		{EE815F18-B643-4762-A8F5-F4024BEB4737}.Release|ARM.Deploy.0 = Release|iPhoneSimulator
		{EE815F18-B643-4762-A8F5-F4024BEB4737}.Release|iPhone.ActiveCfg = Release|iPhone
		{EE815F18-B643-4762-A8F5-F4024BEB4737}.Release|iPhone.Build.0 = Release|iPhone
		{EE815F18-B643-4762-A8F5-F4024BEB4737}.Release|iPhone.Deploy.0 = Release|iPhone
		{EE815F18-B643-4762-A8F5-F4024BEB4737}.Release|iPhoneSimulator.ActiveCfg = Release|iPhoneSimulator
		{EE815F18-B643-4762-A8F5-F4024BEB4737}.Release|iPhoneSimulator.Build.0 = Release|iPhoneSimulator
		{EE815F18-B643-4762-A8F5-F4024BEB4737}.Release|iPhoneSimulator.Deploy.0 = Release|iPhoneSimulator
		{EE815F18-B643-4762-A8F5-F4024BEB4737}.Release|x64.ActiveCfg = Release|iPhoneSimulator
		{EE815F18-B643-4762-A8F5-F4024BEB4737}.Release|x64.Build.0 = Release|iPhoneSimulator
		{EE815F18-B643-4762-A8F5-F4024BEB4737}.Release|x64.Deploy.0 = Release|iPhoneSimulator
		{EE815F18-B643-4762-A8F5-F4024BEB4737}.Release|x86.ActiveCfg = Release|iPhoneSimulator
		{EE815F18-B643-4762-A8F5-F4024BEB4737}.Release|x86.Build.0 = Release|iPhoneSimulator
		{EE815F18-B643-4762-A8F5-F4024BEB4737}.Release|x86.Deploy.0 = Release|iPhoneSimulator
		{A140660C-8185-457E-961F-46BEA3E13A0C}.Debug|Any CPU.ActiveCfg = Debug|Any CPU
		{A140660C-8185-457E-961F-46BEA3E13A0C}.Debug|Any CPU.Build.0 = Debug|Any CPU
		{A140660C-8185-457E-961F-46BEA3E13A0C}.Debug|Any CPU.Deploy.0 = Debug|Any CPU
		{A140660C-8185-457E-961F-46BEA3E13A0C}.Debug|ARM.ActiveCfg = Debug|Any CPU
		{A140660C-8185-457E-961F-46BEA3E13A0C}.Debug|ARM.Build.0 = Debug|Any CPU
		{A140660C-8185-457E-961F-46BEA3E13A0C}.Debug|ARM.Deploy.0 = Debug|Any CPU
		{A140660C-8185-457E-961F-46BEA3E13A0C}.Debug|iPhone.ActiveCfg = Debug|Any CPU
		{A140660C-8185-457E-961F-46BEA3E13A0C}.Debug|iPhone.Build.0 = Debug|Any CPU
		{A140660C-8185-457E-961F-46BEA3E13A0C}.Debug|iPhone.Deploy.0 = Debug|Any CPU
		{A140660C-8185-457E-961F-46BEA3E13A0C}.Debug|iPhoneSimulator.ActiveCfg = Debug|Any CPU
		{A140660C-8185-457E-961F-46BEA3E13A0C}.Debug|iPhoneSimulator.Build.0 = Debug|Any CPU
		{A140660C-8185-457E-961F-46BEA3E13A0C}.Debug|iPhoneSimulator.Deploy.0 = Debug|Any CPU
		{A140660C-8185-457E-961F-46BEA3E13A0C}.Debug|x64.ActiveCfg = Debug|Any CPU
		{A140660C-8185-457E-961F-46BEA3E13A0C}.Debug|x64.Build.0 = Debug|Any CPU
		{A140660C-8185-457E-961F-46BEA3E13A0C}.Debug|x64.Deploy.0 = Debug|Any CPU
		{A140660C-8185-457E-961F-46BEA3E13A0C}.Debug|x86.ActiveCfg = Debug|Any CPU
		{A140660C-8185-457E-961F-46BEA3E13A0C}.Debug|x86.Build.0 = Debug|Any CPU
		{A140660C-8185-457E-961F-46BEA3E13A0C}.Debug|x86.Deploy.0 = Debug|Any CPU
		{A140660C-8185-457E-961F-46BEA3E13A0C}.Release|Any CPU.ActiveCfg = Release|Any CPU
		{A140660C-8185-457E-961F-46BEA3E13A0C}.Release|Any CPU.Build.0 = Release|Any CPU
		{A140660C-8185-457E-961F-46BEA3E13A0C}.Release|Any CPU.Deploy.0 = Release|Any CPU
		{A140660C-8185-457E-961F-46BEA3E13A0C}.Release|ARM.ActiveCfg = Release|Any CPU
		{A140660C-8185-457E-961F-46BEA3E13A0C}.Release|ARM.Build.0 = Release|Any CPU
		{A140660C-8185-457E-961F-46BEA3E13A0C}.Release|ARM.Deploy.0 = Release|Any CPU
		{A140660C-8185-457E-961F-46BEA3E13A0C}.Release|iPhone.ActiveCfg = Release|Any CPU
		{A140660C-8185-457E-961F-46BEA3E13A0C}.Release|iPhone.Build.0 = Release|Any CPU
		{A140660C-8185-457E-961F-46BEA3E13A0C}.Release|iPhone.Deploy.0 = Release|Any CPU
		{A140660C-8185-457E-961F-46BEA3E13A0C}.Release|iPhoneSimulator.ActiveCfg = Release|Any CPU
		{A140660C-8185-457E-961F-46BEA3E13A0C}.Release|iPhoneSimulator.Build.0 = Release|Any CPU
		{A140660C-8185-457E-961F-46BEA3E13A0C}.Release|iPhoneSimulator.Deploy.0 = Release|Any CPU
		{A140660C-8185-457E-961F-46BEA3E13A0C}.Release|x64.ActiveCfg = Release|Any CPU
		{A140660C-8185-457E-961F-46BEA3E13A0C}.Release|x64.Build.0 = Release|Any CPU
		{A140660C-8185-457E-961F-46BEA3E13A0C}.Release|x64.Deploy.0 = Release|Any CPU
		{A140660C-8185-457E-961F-46BEA3E13A0C}.Release|x86.ActiveCfg = Release|Any CPU
		{A140660C-8185-457E-961F-46BEA3E13A0C}.Release|x86.Build.0 = Release|Any CPU
		{A140660C-8185-457E-961F-46BEA3E13A0C}.Release|x86.Deploy.0 = Release|Any CPU
	EndGlobalSection
	GlobalSection(SolutionProperties) = preSolution
		HideSolutionNode = FALSE
	EndGlobalSection
	GlobalSection(ExtensibilityGlobals) = postSolution
		SolutionGuid = {B7F619CA-708D-40AC-B4C7-FA25E776417A}
	EndGlobalSection
EndGlobal
